// !$*UTF8*$!
{
	archiveVersion = 1;
	classes = {
	};
	objectVersion = 46;
	objects = {

/* Begin PBXBuildFile section */
		FD0DA9C21A796CB600382936 /* main.swift in Sources */ = {isa = PBXBuildFile; fileRef = FD0DA9C11A796CB600382936 /* main.swift */; };
		FD0DA9C61A796CFF00382936 /* SwiftInput.swift in Sources */ = {isa = PBXBuildFile; fileRef = FD0DA9B91A7969AD00382936 /* SwiftInput.swift */; };
/* End PBXBuildFile section */

/* Begin PBXCopyFilesBuildPhase section */
		FD0DA9BC1A796CB600382936 /* CopyFiles */ = {
			isa = PBXCopyFilesBuildPhase;
			buildActionMask = 2147483647;
			dstPath = /usr/share/man/man1/;
			dstSubfolderSpec = 0;
			files = (
			);
			runOnlyForDeploymentPostprocessing = 1;
		};
/* End PBXCopyFilesBuildPhase section */

/* Begin PBXFileReference section */
		FD0DA9B91A7969AD00382936 /* SwiftInput.swift */ = {isa = PBXFileReference; lastKnownFileType = sourcecode.swift; name = SwiftInput.swift; path = ../SwiftInput.swift; sourceTree = "<group>"; };
		FD0DA9BE1A796CB600382936 /* SwiftInputTest */ = {isa = PBXFileReference; explicitFileType = "compiled.mach-o.executable"; includeInIndex = 0; path = SwiftInputTest; sourceTree = BUILT_PRODUCTS_DIR; };
		FD0DA9C11A796CB600382936 /* main.swift */ = {isa = PBXFileReference; lastKnownFileType = sourcecode.swift; path = main.swift; sourceTree = "<group>"; };
/* End PBXFileReference section */

/* Begin PBXFrameworksBuildPhase section */
		FD0DA9BB1A796CB600382936 /* Frameworks */ = {
			isa = PBXFrameworksBuildPhase;
			buildActionMask = 2147483647;
			files = (
			);
			runOnlyForDeploymentPostprocessing = 0;
		};
/* End PBXFrameworksBuildPhase section */

/* Begin PBXGroup section */
		FD0DA9BF1A796CB600382936 /* Products */ = {
			isa = PBXGroup;
			children = (
				FD0DA9BE1A796CB600382936 /* SwiftInputTest */,
			);
			name = Products;
			sourceTree = "<group>";
		};
		FD0DA9C01A796CB600382936 /* SwiftInputTest */ = {
			isa = PBXGroup;
			children = (
				FD0DA9B91A7969AD00382936 /* SwiftInput.swift */,
				FD0DA9C11A796CB600382936 /* main.swift */,
			);
			path = SwiftInputTest;
			sourceTree = "<group>";
		};
		FDF098C91A7969810022360B = {
			isa = PBXGroup;
			children = (
				FD0DA9C01A796CB600382936 /* SwiftInputTest */,
				FD0DA9BF1A796CB600382936 /* Products */,
			);
			sourceTree = "<group>";
		};
/* End PBXGroup section */

/* Begin PBXNativeTarget section */
		FD0DA9BD1A796CB600382936 /* SwiftInputTest */ = {
			isa = PBXNativeTarget;
			buildConfigurationList = FD0DA9C31A796CB600382936 /* Build configuration list for PBXNativeTarget "SwiftInputTest" */;
			buildPhases = (
				FD0DA9BA1A796CB600382936 /* Sources */,
				FD0DA9BB1A796CB600382936 /* Frameworks */,
				FD0DA9BC1A796CB600382936 /* CopyFiles */,
			);
			buildRules = (
			);
			dependencies = (
			);
			name = SwiftInputTest;
			productName = SwiftInputTest;
			productReference = FD0DA9BE1A796CB600382936 /* SwiftInputTest */;
			productType = "com.apple.product-type.tool";
		};
/* End PBXNativeTarget section */

/* Begin PBXProject section */
		FDF098CA1A7969810022360B /* Project object */ = {
			isa = PBXProject;
			attributes = {
				LastUpgradeCheck = 0610;
				TargetAttributes = {
					FD0DA9BD1A796CB600382936 = {
						CreatedOnToolsVersion = 6.1.1;
					};
				};
			};
			buildConfigurationList = FDF098CD1A7969810022360B /* Build configuration list for PBXProject "SwiftInput" */;
			compatibilityVersion = "Xcode 3.2";
			developmentRegion = English;
			hasScannedForEncodings = 0;
			knownRegions = (
				en,
			);
			mainGroup = FDF098C91A7969810022360B;
			productRefGroup = FD0DA9BF1A796CB600382936 /* Products */;
			projectDirPath = "";
			projectRoot = "";
			targets = (
				FD0DA9BD1A796CB600382936 /* SwiftInputTest */,
			);
		};
/* End PBXProject section */

/* Begin PBXSourcesBuildPhase section */
		FD0DA9BA1A796CB600382936 /* Sources */ = {
			isa = PBXSourcesBuildPhase;
			buildActionMask = 2147483647;
			files = (
				FD0DA9C21A796CB600382936 /* main.swift in Sources */,
				FD0DA9C61A796CFF00382936 /* SwiftInput.swift in Sources */,
			);
			runOnlyForDeploymentPostprocessing = 0;
		};
/* End PBXSourcesBuildPhase section */

/* Begin XCBuildConfiguration section */
		FD0DA9C41A796CB600382936 /* Debug */ = {
			isa = XCBuildConfiguration;
			buildSettings = {
				ALWAYS_SEARCH_USER_PATHS = NO;
				CLANG_CXX_LANGUAGE_STANDARD = "gnu++0x";
				CLANG_CXX_LIBRARY = "libc++";
				CLANG_ENABLE_MODULES = YES;
				CLANG_ENABLE_OBJC_ARC = YES;
				CLANG_WARN_BOOL_CONVERSION = YES;
				CLANG_WARN_CONSTANT_CONVERSION = YES;
				CLANG_WARN_DIRECT_OBJC_ISA_USAGE = YES_ERROR;
				CLANG_WARN_EMPTY_BODY = YES;
				CLANG_WARN_ENUM_CONVERSION = YES;
				CLANG_WARN_INT_CONVERSION = YES;
				CLANG_WARN_OBJC_ROOT_CLASS = YES_ERROR;
				CLANG_WARN_UNREACHABLE_CODE = YES;
				CLANG_WARN__DUPLICATE_METHOD_MATCH = YES;
				COPY_PHASE_STRIP = NO;
				ENABLE_STRICT_OBJC_MSGSEND = YES;
				GCC_C_LANGUAGE_STANDARD = gnu99;
				GCC_DYNAMIC_NO_PIC = NO;
				GCC_OPTIMIZATION_LEVEL = 0;
				GCC_PREPROCESSOR_DEFINITIONS = (
					"DEBUG=1",
					"$(inherited)",
				);
				GCC_SYMBOLS_PRIVATE_EXTERN = NO;
				GCC_WARN_64_TO_32_BIT_CONVERSION = YES;
				GCC_WARN_ABOUT_RETURN_TYPE = YES_ERROR;
				GCC_WARN_UNDECLARED_SELECTOR = YES;
				GCC_WARN_UNINITIALIZED_AUTOS = YES_AGGRESSIVE;
				GCC_WARN_UNUSED_FUNCTION = YES;
				GCC_WARN_UNUSED_VARIABLE = YES;
				MACOSX_DEPLOYMENT_TARGET = 10.10;
				MTL_ENABLE_DEBUG_INFO = YES;
				ONLY_ACTIVE_ARCH = YES;
				PRODUCT_NAME = "$(TARGET_NAME)";
				SDKROOT = macosx;
				SWIFT_OPTIMIZATION_LEVEL = "-Onone";
			};
			name = Debug;
		};
		FD0DA9C51A796CB600382936 /* Release */ = {
			isa = XCBuildConfiguration;
			buildSettings = {
				ALWAYS_SEARCH_USER_PATHS = NO;
				CLANG_CXX_LANGUAGE_STANDARD = "gnu++0x";
				CLANG_CXX_LIBRARY = "libc++";
				CLANG_ENABLE_MODULES = YES;
				CLANG_ENABLE_OBJC_ARC = YES;
				CLANG_WARN_BOOL_CONVERSION = YES;
				CLANG_WARN_CONSTANT_CONVERSION = YES;
				CLANG_WARN_DIRECT_OBJC_ISA_USAGE = YES_ERROR;
				CLANG_WARN_EMPTY_BODY = YES;
				CLANG_WARN_ENUM_CONVERSION = YES;
				CLANG_WARN_INT_CONVERSION = YES;
				CLANG_WARN_OBJC_ROOT_CLASS = YES_ERROR;
				CLANG_WARN_UNREACHABLE_CODE = YES;
				CLANG_WARN__DUPLICATE_METHOD_MATCH = YES;
				COPY_PHASE_STRIP = YES;
				DEBUG_INFORMATION_FORMAT = "dwarf-with-dsym";
				ENABLE_NS_ASSERTIONS = NO;
				ENABLE_STRICT_OBJC_MSGSEND = YES;
				GCC_C_LANGUAGE_STANDARD = gnu99;
				GCC_WARN_64_TO_32_BIT_CONVERSION = YES;
				GCC_WARN_ABOUT_RETURN_TYPE = YES_ERROR;
				GCC_WARN_UNDECLARED_SELECTOR = YES;
				GCC_WARN_UNINITIALIZED_AUTOS = YES_AGGRESSIVE;
				GCC_WARN_UNUSED_FUNCTION = YES;
				GCC_WARN_UNUSED_VARIABLE = YES;
				MACOSX_DEPLOYMENT_TARGET = 10.10;
				MTL_ENABLE_DEBUG_INFO = NO;
				PRODUCT_NAME = "$(TARGET_NAME)";
				SDKROOT = macosx;
			};
			name = Release;
		};
		FDF098CE1A7969810022360B /* Debug */ = {
			isa = XCBuildConfiguration;
			buildSettings = {
			};
			name = Debug;
		};
		FDF098CF1A7969810022360B /* Release */ = {
			isa = XCBuildConfiguration;
			buildSettings = {
			};
			name = Release;
		};
/* End XCBuildConfiguration section */

/* Begin XCConfigurationList section */
		FD0DA9C31A796CB600382936 /* Build configuration list for PBXNativeTarget "SwiftInputTest" */ = {
			isa = XCConfigurationList;
			buildConfigurations = (
				FD0DA9C41A796CB600382936 /* Debug */,
				FD0DA9C51A796CB600382936 /* Release */,
			);
			defaultConfigurationIsVisible = 0;
		};
		FDF098CD1A7969810022360B /* Build configuration list for PBXProject "SwiftInput" */ = {
			isa = XCConfigurationList;
			buildConfigurations = (
				FDF098CE1A7969810022360B /* Debug */,
				FDF098CF1A7969810022360B /* Release */,
			);
			defaultConfigurationIsVisible = 0;
			defaultConfigurationName = Release;
		};
/* End XCConfigurationList section */
	};
	rootObject = FDF098CA1A7969810022360B /* Project object */;
}
